{
  "name": "pyWeb",
  "lockfileVersion": 2,
  "requires": true,
  "packages": {
    "": {
      "dependencies": {
        "unidecode": "^0.1.8"
      }
    },
    "node_modules/unidecode": {
      "version": "0.1.8",
      "resolved": "https://registry.npmjs.org/unidecode/-/unidecode-0.1.8.tgz",
      "integrity": "sha1-77swFTi8RSRqmsjFWdcvAVMFBT4=",
      "engines": {
        "node": ">= 0.4.12"
      }
    }
  },
  "dependencies": {
    "unidecode": {
      "version": "0.1.8",
      "resolved": "https://registry.npmjs.org/unidecode/-/unidecode-0.1.8.tgz",
      "integrity": "sha1-77swFTi8RSRqmsjFWdcvAVMFBT4="
    }
  }
}
